
Microsoft Visual Studio Solution File, Format Version 12.00
# Visual Studio Express 2013 for Web
VisualStudioVersion = 12.0.30723.0
MinimumVisualStudioVersion = 10.0.40219.1
Project("{FAE04EC0-301F-11D3-BF4B-00C04F79EFBC}") = "Videos", "Videos\Videos.csproj", "{7920B545-157E-4858-AE7E-45A7E0EC664D}"
EndProject
Project("{FAE04EC0-301F-11D3-BF4B-00C04F79EFBC}") = "Videos.Tests", "Videos.Tests\Videos.Tests.csproj", "{1A5C179C-A1E6-4646-BDD0-F01F431FA1B3}"
EndProject
Global
	GlobalSection(SolutionConfigurationPlatforms) = preSolution
		Debug|Any CPU = Debug|Any CPU
		Release|Any CPU = Release|Any CPU
	EndGlobalSection
	GlobalSection(ProjectConfigurationPlatforms) = postSolution
		{7920B545-157E-4858-AE7E-45A7E0EC664D}.Debug|Any CPU.ActiveCfg = Debug|Any CPU
		{7920B545-157E-4858-AE7E-45A7E0EC664D}.Debug|Any CPU.Build.0 = Debug|Any CPU
		{7920B545-157E-4858-AE7E-45A7E0EC664D}.Release|Any CPU.ActiveCfg = Release|Any CPU
		{7920B545-157E-4858-AE7E-45A7E0EC664D}.Release|Any CPU.Build.0 = Release|Any CPU
		{1A5C179C-A1E6-4646-BDD0-F01F431FA1B3}.Debug|Any CPU.ActiveCfg = Debug|Any CPU
		{1A5C179C-A1E6-4646-BDD0-F01F431FA1B3}.Debug|Any CPU.Build.0 = Debug|Any CPU
		{1A5C179C-A1E6-4646-BDD0-F01F431FA1B3}.Release|Any CPU.ActiveCfg = Release|Any CPU
		{1A5C179C-A1E6-4646-BDD0-F01F431FA1B3}.Release|Any CPU.Build.0 = Release|Any CPU
	EndGlobalSection
	GlobalSection(SolutionProperties) = preSolution
		HideSolutionNode = FALSE
	EndGlobalSection
EndGlobal
